// !$*UTF8*$!
{
	archiveVersion = 1;
	classes = {
	};
	objectVersion = 56;
	objects = {

/* Begin PBXBuildFile section */
		B670B1782C16B62600025B1B /* SwiftUIListViewApp.swift in Sources */ = {isa = PBXBuildFile; fileRef = B670B1772C16B62600025B1B /* SwiftUIListViewApp.swift */; };
		B670B17C2C16B62700025B1B /* Assets.xcassets in Resources */ = {isa = PBXBuildFile; fileRef = B670B17B2C16B62700025B1B /* Assets.xcassets */; };
		B670B17F2C16B62700025B1B /* Preview Assets.xcassets in Resources */ = {isa = PBXBuildFile; fileRef = B670B17E2C16B62700025B1B /* Preview Assets.xcassets */; };
		B670B1812C16B62700025B1B /* Persistence.swift in Sources */ = {isa = PBXBuildFile; fileRef = B670B1802C16B62700025B1B /* Persistence.swift */; };
		B670B1842C16B62700025B1B /* SwiftUIListView.xcdatamodeld in Sources */ = {isa = PBXBuildFile; fileRef = B670B1822C16B62700025B1B /* SwiftUIListView.xcdatamodeld */; };
		B670B18E2C16B62700025B1B /* SwiftUIListViewTests.swift in Sources */ = {isa = PBXBuildFile; fileRef = B670B18D2C16B62700025B1B /* SwiftUIListViewTests.swift */; };
		B670B1982C16B62700025B1B /* SwiftUIListViewUITests.swift in Sources */ = {isa = PBXBuildFile; fileRef = B670B1972C16B62700025B1B /* SwiftUIListViewUITests.swift */; };
		B670B19A2C16B62700025B1B /* SwiftUIListViewUITestsLaunchTests.swift in Sources */ = {isa = PBXBuildFile; fileRef = B670B1992C16B62700025B1B /* SwiftUIListViewUITestsLaunchTests.swift */; };
		B6B4DE492C16BB82002A53AF /* APIService.swift in Sources */ = {isa = PBXBuildFile; fileRef = B6B4DE482C16BB82002A53AF /* APIService.swift */; };
		B6B4DE4C2C16BCDD002A53AF /* SplashScreen.swift in Sources */ = {isa = PBXBuildFile; fileRef = B6B4DE4B2C16BCDD002A53AF /* SplashScreen.swift */; };
		B6B4DE4F2C16BEFD002A53AF /* ProductList.swift in Sources */ = {isa = PBXBuildFile; fileRef = B6B4DE4E2C16BEFD002A53AF /* ProductList.swift */; };
		B6B4DE512C16BFE3002A53AF /* ProductListViewModel.swift in Sources */ = {isa = PBXBuildFile; fileRef = B6B4DE502C16BFE3002A53AF /* ProductListViewModel.swift */; };
		B6B4DE532C16C066002A53AF /* APIEndpoint.swift in Sources */ = {isa = PBXBuildFile; fileRef = B6B4DE522C16C066002A53AF /* APIEndpoint.swift */; };
		B6B4DE552C16C1B5002A53AF /* Product.swift in Sources */ = {isa = PBXBuildFile; fileRef = B6B4DE542C16C1B5002A53AF /* Product.swift */; };
		B6B4DE582C16C2C2002A53AF /* Endpoint.swift in Sources */ = {isa = PBXBuildFile; fileRef = B6B4DE572C16C2C2002A53AF /* Endpoint.swift */; };
		B6B4DE602C16C681002A53AF /* APError.swift in Sources */ = {isa = PBXBuildFile; fileRef = B6B4DE5F2C16C681002A53AF /* APError.swift */; };
		B6B4DE622C16C7CB002A53AF /* AlertItem.swift in Sources */ = {isa = PBXBuildFile; fileRef = B6B4DE612C16C7CB002A53AF /* AlertItem.swift */; };
		B6B4DE642C16C93E002A53AF /* ProductCell.swift in Sources */ = {isa = PBXBuildFile; fileRef = B6B4DE632C16C93E002A53AF /* ProductCell.swift */; };
		B6B4DE662C16CAA6002A53AF /* ProductRemoteImage.swift in Sources */ = {isa = PBXBuildFile; fileRef = B6B4DE652C16CAA6002A53AF /* ProductRemoteImage.swift */; };
		B6B4DE682C16CAE2002A53AF /* RemoteImage.swift in Sources */ = {isa = PBXBuildFile; fileRef = B6B4DE672C16CAE2002A53AF /* RemoteImage.swift */; };
		B6B4DE6A2C16CB01002A53AF /* ImageLoader.swift in Sources */ = {isa = PBXBuildFile; fileRef = B6B4DE692C16CB01002A53AF /* ImageLoader.swift */; };
		B6B4DE6F2C16E130002A53AF /* Float.swift in Sources */ = {isa = PBXBuildFile; fileRef = B6B4DE6E2C16E130002A53AF /* Float.swift */; };
		B6B4DE712C16EA76002A53AF /* View.swift in Sources */ = {isa = PBXBuildFile; fileRef = B6B4DE702C16EA76002A53AF /* View.swift */; };
		B6B4DE742C16EF83002A53AF /* AddProductScreen.swift in Sources */ = {isa = PBXBuildFile; fileRef = B6B4DE732C16EF83002A53AF /* AddProductScreen.swift */; };
		B6B4DE772C16F7C1002A53AF /* CustomTextFiled.swift in Sources */ = {isa = PBXBuildFile; fileRef = B6B4DE762C16F7C1002A53AF /* CustomTextFiled.swift */; };
		B6B4DE7B2C17016E002A53AF /* ImagePicker.swift in Sources */ = {isa = PBXBuildFile; fileRef = B6B4DE7A2C17016E002A53AF /* ImagePicker.swift */; };
		B6B4DE7E2C170EEB002A53AF /* SelectProductType.swift in Sources */ = {isa = PBXBuildFile; fileRef = B6B4DE7D2C170EEB002A53AF /* SelectProductType.swift */; };
		B6B4DE802C170FB3002A53AF /* SelectProductTypeViewModel.swift in Sources */ = {isa = PBXBuildFile; fileRef = B6B4DE7F2C170FB3002A53AF /* SelectProductTypeViewModel.swift */; };
		B6B4DE832C172F98002A53AF /* CustomButton.swift in Sources */ = {isa = PBXBuildFile; fileRef = B6B4DE822C172F98002A53AF /* CustomButton.swift */; };
		B6BD85CB2C17549700A6382D /* Data.swift in Sources */ = {isa = PBXBuildFile; fileRef = B6BD85CA2C17549700A6382D /* Data.swift */; };
		B6BD85CD2C1756C800A6382D /* Date.swift in Sources */ = {isa = PBXBuildFile; fileRef = B6BD85CC2C1756C800A6382D /* Date.swift */; };
		B6BD85CF2C17581200A6382D /* AddProductViewModel.swift in Sources */ = {isa = PBXBuildFile; fileRef = B6BD85CE2C17581200A6382D /* AddProductViewModel.swift */; };
		B6BD85D12C175BFC00A6382D /* ErrorView.swift in Sources */ = {isa = PBXBuildFile; fileRef = B6BD85D02C175BFC00A6382D /* ErrorView.swift */; };
		B6BD85D32C17675400A6382D /* AddProductSuccess.swift in Sources */ = {isa = PBXBuildFile; fileRef = B6BD85D22C17675400A6382D /* AddProductSuccess.swift */; };
/* End PBXBuildFile section */

/* Begin PBXContainerItemProxy section */
		B670B18A2C16B62700025B1B /* PBXContainerItemProxy */ = {
			isa = PBXContainerItemProxy;
			containerPortal = B670B16C2C16B62600025B1B /* Project object */;
			proxyType = 1;
			remoteGlobalIDString = B670B1732C16B62600025B1B;
			remoteInfo = SwiftUIListView;
		};
		B670B1942C16B62700025B1B /* PBXContainerItemProxy */ = {
			isa = PBXContainerItemProxy;
			containerPortal = B670B16C2C16B62600025B1B /* Project object */;
			proxyType = 1;
			remoteGlobalIDString = B670B1732C16B62600025B1B;
			remoteInfo = SwiftUIListView;
		};
/* End PBXContainerItemProxy section */

/* Begin PBXFileReference section */
		B670B1742C16B62600025B1B /* SwiftUIListView.app */ = {isa = PBXFileReference; explicitFileType = wrapper.application; includeInIndex = 0; path = SwiftUIListView.app; sourceTree = BUILT_PRODUCTS_DIR; };
		B670B1772C16B62600025B1B /* SwiftUIListViewApp.swift */ = {isa = PBXFileReference; lastKnownFileType = sourcecode.swift; path = SwiftUIListViewApp.swift; sourceTree = "<group>"; };
		B670B17B2C16B62700025B1B /* Assets.xcassets */ = {isa = PBXFileReference; lastKnownFileType = folder.assetcatalog; path = Assets.xcassets; sourceTree = "<group>"; };
		B670B17E2C16B62700025B1B /* Preview Assets.xcassets */ = {isa = PBXFileReference; lastKnownFileType = folder.assetcatalog; path = "Preview Assets.xcassets"; sourceTree = "<group>"; };
		B670B1802C16B62700025B1B /* Persistence.swift */ = {isa = PBXFileReference; lastKnownFileType = sourcecode.swift; path = Persistence.swift; sourceTree = "<group>"; };
		B670B1832C16B62700025B1B /* SwiftUIListView.xcdatamodel */ = {isa = PBXFileReference; lastKnownFileType = wrapper.xcdatamodel; path = SwiftUIListView.xcdatamodel; sourceTree = "<group>"; };
		B670B1892C16B62700025B1B /* SwiftUIListViewTests.xctest */ = {isa = PBXFileReference; explicitFileType = wrapper.cfbundle; includeInIndex = 0; path = SwiftUIListViewTests.xctest; sourceTree = BUILT_PRODUCTS_DIR; };
		B670B18D2C16B62700025B1B /* SwiftUIListViewTests.swift */ = {isa = PBXFileReference; lastKnownFileType = sourcecode.swift; path = SwiftUIListViewTests.swift; sourceTree = "<group>"; };
		B670B1932C16B62700025B1B /* SwiftUIListViewUITests.xctest */ = {isa = PBXFileReference; explicitFileType = wrapper.cfbundle; includeInIndex = 0; path = SwiftUIListViewUITests.xctest; sourceTree = BUILT_PRODUCTS_DIR; };
		B670B1972C16B62700025B1B /* SwiftUIListViewUITests.swift */ = {isa = PBXFileReference; lastKnownFileType = sourcecode.swift; path = SwiftUIListViewUITests.swift; sourceTree = "<group>"; };
		B670B1992C16B62700025B1B /* SwiftUIListViewUITestsLaunchTests.swift */ = {isa = PBXFileReference; lastKnownFileType = sourcecode.swift; path = SwiftUIListViewUITestsLaunchTests.swift; sourceTree = "<group>"; };
		B6B4DE482C16BB82002A53AF /* APIService.swift */ = {isa = PBXFileReference; lastKnownFileType = sourcecode.swift; path = APIService.swift; sourceTree = "<group>"; };
		B6B4DE4B2C16BCDD002A53AF /* SplashScreen.swift */ = {isa = PBXFileReference; lastKnownFileType = sourcecode.swift; path = SplashScreen.swift; sourceTree = "<group>"; };
		B6B4DE4E2C16BEFD002A53AF /* ProductList.swift */ = {isa = PBXFileReference; lastKnownFileType = sourcecode.swift; path = ProductList.swift; sourceTree = "<group>"; };
		B6B4DE502C16BFE3002A53AF /* ProductListViewModel.swift */ = {isa = PBXFileReference; lastKnownFileType = sourcecode.swift; path = ProductListViewModel.swift; sourceTree = "<group>"; };
		B6B4DE522C16C066002A53AF /* APIEndpoint.swift */ = {isa = PBXFileReference; lastKnownFileType = sourcecode.swift; path = APIEndpoint.swift; sourceTree = "<group>"; };
		B6B4DE542C16C1B5002A53AF /* Product.swift */ = {isa = PBXFileReference; lastKnownFileType = sourcecode.swift; path = Product.swift; sourceTree = "<group>"; };
		B6B4DE572C16C2C2002A53AF /* Endpoint.swift */ = {isa = PBXFileReference; lastKnownFileType = sourcecode.swift; path = Endpoint.swift; sourceTree = "<group>"; };
		B6B4DE5F2C16C681002A53AF /* APError.swift */ = {isa = PBXFileReference; lastKnownFileType = sourcecode.swift; path = APError.swift; sourceTree = "<group>"; };
		B6B4DE612C16C7CB002A53AF /* AlertItem.swift */ = {isa = PBXFileReference; lastKnownFileType = sourcecode.swift; path = AlertItem.swift; sourceTree = "<group>"; };
		B6B4DE632C16C93E002A53AF /* ProductCell.swift */ = {isa = PBXFileReference; lastKnownFileType = sourcecode.swift; path = ProductCell.swift; sourceTree = "<group>"; };
		B6B4DE652C16CAA6002A53AF /* ProductRemoteImage.swift */ = {isa = PBXFileReference; lastKnownFileType = sourcecode.swift; path = ProductRemoteImage.swift; sourceTree = "<group>"; };
		B6B4DE672C16CAE2002A53AF /* RemoteImage.swift */ = {isa = PBXFileReference; lastKnownFileType = sourcecode.swift; path = RemoteImage.swift; sourceTree = "<group>"; };
		B6B4DE692C16CB01002A53AF /* ImageLoader.swift */ = {isa = PBXFileReference; lastKnownFileType = sourcecode.swift; path = ImageLoader.swift; sourceTree = "<group>"; };
		B6B4DE6E2C16E130002A53AF /* Float.swift */ = {isa = PBXFileReference; lastKnownFileType = sourcecode.swift; path = Float.swift; sourceTree = "<group>"; };
		B6B4DE702C16EA76002A53AF /* View.swift */ = {isa = PBXFileReference; lastKnownFileType = sourcecode.swift; path = View.swift; sourceTree = "<group>"; };
		B6B4DE732C16EF83002A53AF /* AddProductScreen.swift */ = {isa = PBXFileReference; lastKnownFileType = sourcecode.swift; path = AddProductScreen.swift; sourceTree = "<group>"; };
		B6B4DE762C16F7C1002A53AF /* CustomTextFiled.swift */ = {isa = PBXFileReference; lastKnownFileType = sourcecode.swift; path = CustomTextFiled.swift; sourceTree = "<group>"; };
		B6B4DE7A2C17016E002A53AF /* ImagePicker.swift */ = {isa = PBXFileReference; lastKnownFileType = sourcecode.swift; path = ImagePicker.swift; sourceTree = "<group>"; };
		B6B4DE7D2C170EEB002A53AF /* SelectProductType.swift */ = {isa = PBXFileReference; lastKnownFileType = sourcecode.swift; path = SelectProductType.swift; sourceTree = "<group>"; };
		B6B4DE7F2C170FB3002A53AF /* SelectProductTypeViewModel.swift */ = {isa = PBXFileReference; lastKnownFileType = sourcecode.swift; path = SelectProductTypeViewModel.swift; sourceTree = "<group>"; };
		B6B4DE822C172F98002A53AF /* CustomButton.swift */ = {isa = PBXFileReference; lastKnownFileType = sourcecode.swift; path = CustomButton.swift; sourceTree = "<group>"; };
		B6BD85CA2C17549700A6382D /* Data.swift */ = {isa = PBXFileReference; lastKnownFileType = sourcecode.swift; path = Data.swift; sourceTree = "<group>"; };
		B6BD85CC2C1756C800A6382D /* Date.swift */ = {isa = PBXFileReference; lastKnownFileType = sourcecode.swift; path = Date.swift; sourceTree = "<group>"; };
		B6BD85CE2C17581200A6382D /* AddProductViewModel.swift */ = {isa = PBXFileReference; lastKnownFileType = sourcecode.swift; path = AddProductViewModel.swift; sourceTree = "<group>"; };
		B6BD85D02C175BFC00A6382D /* ErrorView.swift */ = {isa = PBXFileReference; lastKnownFileType = sourcecode.swift; path = ErrorView.swift; sourceTree = "<group>"; };
		B6BD85D22C17675400A6382D /* AddProductSuccess.swift */ = {isa = PBXFileReference; lastKnownFileType = sourcecode.swift; path = AddProductSuccess.swift; sourceTree = "<group>"; };
/* End PBXFileReference section */

/* Begin PBXFrameworksBuildPhase section */
		B670B1712C16B62600025B1B /* Frameworks */ = {
			isa = PBXFrameworksBuildPhase;
			buildActionMask = 2147483647;
			files = (
			);
			runOnlyForDeploymentPostprocessing = 0;
		};
		B670B1862C16B62700025B1B /* Frameworks */ = {
			isa = PBXFrameworksBuildPhase;
			buildActionMask = 2147483647;
			files = (
			);
			runOnlyForDeploymentPostprocessing = 0;
		};
		B670B1902C16B62700025B1B /* Frameworks */ = {
			isa = PBXFrameworksBuildPhase;
			buildActionMask = 2147483647;
			files = (
			);
			runOnlyForDeploymentPostprocessing = 0;
		};
/* End PBXFrameworksBuildPhase section */

/* Begin PBXGroup section */
		B670B16B2C16B62600025B1B = {
			isa = PBXGroup;
			children = (
				B670B1762C16B62600025B1B /* SwiftUIListView */,
				B670B18C2C16B62700025B1B /* SwiftUIListViewTests */,
				B670B1962C16B62700025B1B /* SwiftUIListViewUITests */,
				B670B1752C16B62600025B1B /* Products */,
			);
			sourceTree = "<group>";
		};
		B670B1752C16B62600025B1B /* Products */ = {
			isa = PBXGroup;
			children = (
				B670B1742C16B62600025B1B /* SwiftUIListView.app */,
				B670B1892C16B62700025B1B /* SwiftUIListViewTests.xctest */,
				B670B1932C16B62700025B1B /* SwiftUIListViewUITests.xctest */,
			);
			name = Products;
			sourceTree = "<group>";
		};
		B670B1762C16B62600025B1B /* SwiftUIListView */ = {
			isa = PBXGroup;
			children = (
				B6B4DE5E2C16C66D002A53AF /* Utilities */,
				B670B1AA2C16B6D200025B1B /* Extension */,
				B670B1A92C16B6CC00025B1B /* Services */,
				B670B1A82C16B6C500025B1B /* Models */,
				B670B1A72C16B6BF00025B1B /* ViewModels */,
				B670B1A62C16B6B800025B1B /* Views */,
				B670B1772C16B62600025B1B /* SwiftUIListViewApp.swift */,
				B670B17B2C16B62700025B1B /* Assets.xcassets */,
				B670B1802C16B62700025B1B /* Persistence.swift */,
				B670B1822C16B62700025B1B /* SwiftUIListView.xcdatamodeld */,
				B670B17D2C16B62700025B1B /* Preview Content */,
			);
			path = SwiftUIListView;
			sourceTree = "<group>";
		};
		B670B17D2C16B62700025B1B /* Preview Content */ = {
			isa = PBXGroup;
			children = (
				B670B17E2C16B62700025B1B /* Preview Assets.xcassets */,
			);
			path = "Preview Content";
			sourceTree = "<group>";
		};
		B670B18C2C16B62700025B1B /* SwiftUIListViewTests */ = {
			isa = PBXGroup;
			children = (
				B670B18D2C16B62700025B1B /* SwiftUIListViewTests.swift */,
			);
			path = SwiftUIListViewTests;
			sourceTree = "<group>";
		};
		B670B1962C16B62700025B1B /* SwiftUIListViewUITests */ = {
			isa = PBXGroup;
			children = (
				B670B1972C16B62700025B1B /* SwiftUIListViewUITests.swift */,
				B670B1992C16B62700025B1B /* SwiftUIListViewUITestsLaunchTests.swift */,
			);
			path = SwiftUIListViewUITests;
			sourceTree = "<group>";
		};
		B670B1A62C16B6B800025B1B /* Views */ = {
			isa = PBXGroup;
			children = (
				B6B4DE812C172F8C002A53AF /* CommanView */,
				B6B4DE722C16EF6C002A53AF /* AddProduct */,
				B6B4DE4D2C16BEF2002A53AF /* ProductList */,
				B6B4DE4A2C16BCC6002A53AF /* Splash */,
			);
			path = Views;
			sourceTree = "<group>";
		};
		B670B1A72C16B6BF00025B1B /* ViewModels */ = {
			isa = PBXGroup;
			children = (
				B6B4DE502C16BFE3002A53AF /* ProductListViewModel.swift */,
				B6B4DE7F2C170FB3002A53AF /* SelectProductTypeViewModel.swift */,
				B6BD85CE2C17581200A6382D /* AddProductViewModel.swift */,
			);
			path = ViewModels;
			sourceTree = "<group>";
		};
		B670B1A82C16B6C500025B1B /* Models */ = {
			isa = PBXGroup;
			children = (
				B6B4DE542C16C1B5002A53AF /* Product.swift */,
				B6BD85D22C17675400A6382D /* AddProductSuccess.swift */,
			);
			path = Models;
			sourceTree = "<group>";
		};
		B670B1A92C16B6CC00025B1B /* Services */ = {
			isa = PBXGroup;
			children = (
				B6B4DE482C16BB82002A53AF /* APIService.swift */,
				B6B4DE522C16C066002A53AF /* APIEndpoint.swift */,
			);
			path = Services;
			sourceTree = "<group>";
		};
		B670B1AA2C16B6D200025B1B /* Extension */ = {
			isa = PBXGroup;
			children = (
				B6B4DE6E2C16E130002A53AF /* Float.swift */,
				B6B4DE702C16EA76002A53AF /* View.swift */,
				B6BD85CA2C17549700A6382D /* Data.swift */,
				B6BD85CC2C1756C800A6382D /* Date.swift */,
			);
			path = Extension;
			sourceTree = "<group>";
		};
		B6B4DE4A2C16BCC6002A53AF /* Splash */ = {
			isa = PBXGroup;
			children = (
				B6B4DE4B2C16BCDD002A53AF /* SplashScreen.swift */,
			);
			path = Splash;
			sourceTree = "<group>";
		};
		B6B4DE4D2C16BEF2002A53AF /* ProductList */ = {
			isa = PBXGroup;
			children = (
				B6B4DE4E2C16BEFD002A53AF /* ProductList.swift */,
				B6B4DE632C16C93E002A53AF /* ProductCell.swift */,
			);
			path = ProductList;
			sourceTree = "<group>";
		};
		B6B4DE5E2C16C66D002A53AF /* Utilities */ = {
			isa = PBXGroup;
			children = (
				B6B4DE572C16C2C2002A53AF /* Endpoint.swift */,
				B6B4DE5F2C16C681002A53AF /* APError.swift */,
				B6B4DE612C16C7CB002A53AF /* AlertItem.swift */,
				B6B4DE652C16CAA6002A53AF /* ProductRemoteImage.swift */,
				B6B4DE672C16CAE2002A53AF /* RemoteImage.swift */,
				B6B4DE692C16CB01002A53AF /* ImageLoader.swift */,
				B6B4DE7A2C17016E002A53AF /* ImagePicker.swift */,
			);
			path = Utilities;
			sourceTree = "<group>";
		};
		B6B4DE722C16EF6C002A53AF /* AddProduct */ = {
			isa = PBXGroup;
			children = (
				B6B4DE732C16EF83002A53AF /* AddProductScreen.swift */,
				B6B4DE7D2C170EEB002A53AF /* SelectProductType.swift */,
			);
			path = AddProduct;
			sourceTree = "<group>";
		};
		B6B4DE812C172F8C002A53AF /* CommanView */ = {
			isa = PBXGroup;
			children = (
				B6B4DE762C16F7C1002A53AF /* CustomTextFiled.swift */,
				B6B4DE822C172F98002A53AF /* CustomButton.swift */,
				B6BD85D02C175BFC00A6382D /* ErrorView.swift */,
			);
			path = CommanView;
			sourceTree = "<group>";
		};
/* End PBXGroup section */

/* Begin PBXNativeTarget section */
		B670B1732C16B62600025B1B /* SwiftUIListView */ = {
			isa = PBXNativeTarget;
			buildConfigurationList = B670B19D2C16B62700025B1B /* Build configuration list for PBXNativeTarget "SwiftUIListView" */;
			buildPhases = (
				B670B1702C16B62600025B1B /* Sources */,
				B670B1712C16B62600025B1B /* Frameworks */,
				B670B1722C16B62600025B1B /* Resources */,
			);
			buildRules = (
			);
			dependencies = (
			);
			name = SwiftUIListView;
			productName = SwiftUIListView;
			productReference = B670B1742C16B62600025B1B /* SwiftUIListView.app */;
			productType = "com.apple.product-type.application";
		};
		B670B1882C16B62700025B1B /* SwiftUIListViewTests */ = {
			isa = PBXNativeTarget;
			buildConfigurationList = B670B1A02C16B62700025B1B /* Build configuration list for PBXNativeTarget "SwiftUIListViewTests" */;
			buildPhases = (
				B670B1852C16B62700025B1B /* Sources */,
				B670B1862C16B62700025B1B /* Frameworks */,
				B670B1872C16B62700025B1B /* Resources */,
			);
			buildRules = (
			);
			dependencies = (
				B670B18B2C16B62700025B1B /* PBXTargetDependency */,
			);
			name = SwiftUIListViewTests;
			productName = SwiftUIListViewTests;
			productReference = B670B1892C16B62700025B1B /* SwiftUIListViewTests.xctest */;
			productType = "com.apple.product-type.bundle.unit-test";
		};
		B670B1922C16B62700025B1B /* SwiftUIListViewUITests */ = {
			isa = PBXNativeTarget;
			buildConfigurationList = B670B1A32C16B62700025B1B /* Build configuration list for PBXNativeTarget "SwiftUIListViewUITests" */;
			buildPhases = (
				B670B18F2C16B62700025B1B /* Sources */,
				B670B1902C16B62700025B1B /* Frameworks */,
				B670B1912C16B62700025B1B /* Resources */,
			);
			buildRules = (
			);
			dependencies = (
				B670B1952C16B62700025B1B /* PBXTargetDependency */,
			);
			name = SwiftUIListViewUITests;
			productName = SwiftUIListViewUITests;
			productReference = B670B1932C16B62700025B1B /* SwiftUIListViewUITests.xctest */;
			productType = "com.apple.product-type.bundle.ui-testing";
		};
/* End PBXNativeTarget section */

/* Begin PBXProject section */
		B670B16C2C16B62600025B1B /* Project object */ = {
			isa = PBXProject;
			attributes = {
				BuildIndependentTargetsInParallel = 1;
				LastSwiftUpdateCheck = 1540;
				LastUpgradeCheck = 1540;
				TargetAttributes = {
					B670B1732C16B62600025B1B = {
						CreatedOnToolsVersion = 15.4;
					};
					B670B1882C16B62700025B1B = {
						CreatedOnToolsVersion = 15.4;
						TestTargetID = B670B1732C16B62600025B1B;
					};
					B670B1922C16B62700025B1B = {
						CreatedOnToolsVersion = 15.4;
						TestTargetID = B670B1732C16B62600025B1B;
					};
				};
			};
			buildConfigurationList = B670B16F2C16B62600025B1B /* Build configuration list for PBXProject "SwiftUIListView" */;
			compatibilityVersion = "Xcode 14.0";
			developmentRegion = en;
			hasScannedForEncodings = 0;
			knownRegions = (
				en,
				Base,
			);
			mainGroup = B670B16B2C16B62600025B1B;
			productRefGroup = B670B1752C16B62600025B1B /* Products */;
			projectDirPath = "";
			projectRoot = "";
			targets = (
				B670B1732C16B62600025B1B /* SwiftUIListView */,
				B670B1882C16B62700025B1B /* SwiftUIListViewTests */,
				B670B1922C16B62700025B1B /* SwiftUIListViewUITests */,
			);
		};
/* End PBXProject section */

/* Begin PBXResourcesBuildPhase section */
		B670B1722C16B62600025B1B /* Resources */ = {
			isa = PBXResourcesBuildPhase;
			buildActionMask = 2147483647;
			files = (
				B670B17F2C16B62700025B1B /* Preview Assets.xcassets in Resources */,
				B670B17C2C16B62700025B1B /* Assets.xcassets in Resources */,
			);
			runOnlyForDeploymentPostprocessing = 0;
		};
		B670B1872C16B62700025B1B /* Resources */ = {
			isa = PBXResourcesBuildPhase;
			buildActionMask = 2147483647;
			files = (
			);
			runOnlyForDeploymentPostprocessing = 0;
		};
		B670B1912C16B62700025B1B /* Resources */ = {
			isa = PBXResourcesBuildPhase;
			buildActionMask = 2147483647;
			files = (
			);
			runOnlyForDeploymentPostprocessing = 0;
		};
/* End PBXResourcesBuildPhase section */

/* Begin PBXSourcesBuildPhase section */
		B670B1702C16B62600025B1B /* Sources */ = {
			isa = PBXSourcesBuildPhase;
			buildActionMask = 2147483647;
			files = (
				B6B4DE602C16C681002A53AF /* APError.swift in Sources */,
				B6B4DE7E2C170EEB002A53AF /* SelectProductType.swift in Sources */,
				B6B4DE682C16CAE2002A53AF /* RemoteImage.swift in Sources */,
				B6B4DE832C172F98002A53AF /* CustomButton.swift in Sources */,
				B6BD85D12C175BFC00A6382D /* ErrorView.swift in Sources */,
				B6B4DE772C16F7C1002A53AF /* CustomTextFiled.swift in Sources */,
				B6B4DE742C16EF83002A53AF /* AddProductScreen.swift in Sources */,
				B6B4DE4C2C16BCDD002A53AF /* SplashScreen.swift in Sources */,
				B670B1812C16B62700025B1B /* Persistence.swift in Sources */,
				B6B4DE7B2C17016E002A53AF /* ImagePicker.swift in Sources */,
				B6B4DE552C16C1B5002A53AF /* Product.swift in Sources */,
				B6B4DE712C16EA76002A53AF /* View.swift in Sources */,
				B6B4DE4F2C16BEFD002A53AF /* ProductList.swift in Sources */,
				B6B4DE802C170FB3002A53AF /* SelectProductTypeViewModel.swift in Sources */,
				B6B4DE622C16C7CB002A53AF /* AlertItem.swift in Sources */,
				B6B4DE6F2C16E130002A53AF /* Float.swift in Sources */,
				B6B4DE582C16C2C2002A53AF /* Endpoint.swift in Sources */,
				B6B4DE532C16C066002A53AF /* APIEndpoint.swift in Sources */,
				B6BD85CF2C17581200A6382D /* AddProductViewModel.swift in Sources */,
				B6B4DE512C16BFE3002A53AF /* ProductListViewModel.swift in Sources */,
				B6B4DE492C16BB82002A53AF /* APIService.swift in Sources */,
				B6B4DE642C16C93E002A53AF /* ProductCell.swift in Sources */,
				B6BD85CB2C17549700A6382D /* Data.swift in Sources */,
				B6B4DE6A2C16CB01002A53AF /* ImageLoader.swift in Sources */,
				B6BD85D32C17675400A6382D /* AddProductSuccess.swift in Sources */,
				B670B1842C16B62700025B1B /* SwiftUIListView.xcdatamodeld in Sources */,
				B6B4DE662C16CAA6002A53AF /* ProductRemoteImage.swift in Sources */,
				B6BD85CD2C1756C800A6382D /* Date.swift in Sources */,
				B670B1782C16B62600025B1B /* SwiftUIListViewApp.swift in Sources */,
			);
			runOnlyForDeploymentPostprocessing = 0;
		};
		B670B1852C16B62700025B1B /* Sources */ = {
			isa = PBXSourcesBuildPhase;
			buildActionMask = 2147483647;
			files = (
				B670B18E2C16B62700025B1B /* SwiftUIListViewTests.swift in Sources */,
			);
			runOnlyForDeploymentPostprocessing = 0;
		};
		B670B18F2C16B62700025B1B /* Sources */ = {
			isa = PBXSourcesBuildPhase;
			buildActionMask = 2147483647;
			files = (
				B670B1982C16B62700025B1B /* SwiftUIListViewUITests.swift in Sources */,
				B670B19A2C16B62700025B1B /* SwiftUIListViewUITestsLaunchTests.swift in Sources */,
			);
			runOnlyForDeploymentPostprocessing = 0;
		};
/* End PBXSourcesBuildPhase section */

/* Begin PBXTargetDependency section */
		B670B18B2C16B62700025B1B /* PBXTargetDependency */ = {
			isa = PBXTargetDependency;
			target = B670B1732C16B62600025B1B /* SwiftUIListView */;
			targetProxy = B670B18A2C16B62700025B1B /* PBXContainerItemProxy */;
		};
		B670B1952C16B62700025B1B /* PBXTargetDependency */ = {
			isa = PBXTargetDependency;
			target = B670B1732C16B62600025B1B /* SwiftUIListView */;
			targetProxy = B670B1942C16B62700025B1B /* PBXContainerItemProxy */;
		};
/* End PBXTargetDependency section */

/* Begin XCBuildConfiguration section */
		B670B19B2C16B62700025B1B /* Debug */ = {
			isa = XCBuildConfiguration;
			buildSettings = {
				ALWAYS_SEARCH_USER_PATHS = NO;
				ASSETCATALOG_COMPILER_GENERATE_SWIFT_ASSET_SYMBOL_EXTENSIONS = YES;
				CLANG_ANALYZER_NONNULL = YES;
				CLANG_ANALYZER_NUMBER_OBJECT_CONVERSION = YES_AGGRESSIVE;
				CLANG_CXX_LANGUAGE_STANDARD = "gnu++20";
				CLANG_ENABLE_MODULES = YES;
				CLANG_ENABLE_OBJC_ARC = YES;
				CLANG_ENABLE_OBJC_WEAK = YES;
				CLANG_WARN_BLOCK_CAPTURE_AUTORELEASING = YES;
				CLANG_WARN_BOOL_CONVERSION = YES;
				CLANG_WARN_COMMA = YES;
				CLANG_WARN_CONSTANT_CONVERSION = YES;
				CLANG_WARN_DEPRECATED_OBJC_IMPLEMENTATIONS = YES;
				CLANG_WARN_DIRECT_OBJC_ISA_USAGE = YES_ERROR;
				CLANG_WARN_DOCUMENTATION_COMMENTS = YES;
				CLANG_WARN_EMPTY_BODY = YES;
				CLANG_WARN_ENUM_CONVERSION = YES;
				CLANG_WARN_INFINITE_RECURSION = YES;
				CLANG_WARN_INT_CONVERSION = YES;
				CLANG_WARN_NON_LITERAL_NULL_CONVERSION = YES;
				CLANG_WARN_OBJC_IMPLICIT_RETAIN_SELF = YES;
				CLANG_WARN_OBJC_LITERAL_CONVERSION = YES;
				CLANG_WARN_OBJC_ROOT_CLASS = YES_ERROR;
				CLANG_WARN_QUOTED_INCLUDE_IN_FRAMEWORK_HEADER = YES;
				CLANG_WARN_RANGE_LOOP_ANALYSIS = YES;
				CLANG_WARN_STRICT_PROTOTYPES = YES;
				CLANG_WARN_SUSPICIOUS_MOVE = YES;
				CLANG_WARN_UNGUARDED_AVAILABILITY = YES_AGGRESSIVE;
				CLANG_WARN_UNREACHABLE_CODE = YES;
				CLANG_WARN__DUPLICATE_METHOD_MATCH = YES;
				COPY_PHASE_STRIP = NO;
				DEBUG_INFORMATION_FORMAT = dwarf;
				ENABLE_STRICT_OBJC_MSGSEND = YES;
				ENABLE_TESTABILITY = YES;
				ENABLE_USER_SCRIPT_SANDBOXING = YES;
				GCC_C_LANGUAGE_STANDARD = gnu17;
				GCC_DYNAMIC_NO_PIC = NO;
				GCC_NO_COMMON_BLOCKS = YES;
				GCC_OPTIMIZATION_LEVEL = 0;
				GCC_PREPROCESSOR_DEFINITIONS = (
					"DEBUG=1",
					"$(inherited)",
				);
				GCC_WARN_64_TO_32_BIT_CONVERSION = YES;
				GCC_WARN_ABOUT_RETURN_TYPE = YES_ERROR;
				GCC_WARN_UNDECLARED_SELECTOR = YES;
				GCC_WARN_UNINITIALIZED_AUTOS = YES_AGGRESSIVE;
				GCC_WARN_UNUSED_FUNCTION = YES;
				GCC_WARN_UNUSED_VARIABLE = YES;
				IPHONEOS_DEPLOYMENT_TARGET = 17.5;
				LOCALIZATION_PREFERS_STRING_CATALOGS = YES;
				MTL_ENABLE_DEBUG_INFO = INCLUDE_SOURCE;
				MTL_FAST_MATH = YES;
				ONLY_ACTIVE_ARCH = YES;
				SDKROOT = iphoneos;
				SWIFT_ACTIVE_COMPILATION_CONDITIONS = "DEBUG $(inherited)";
				SWIFT_OPTIMIZATION_LEVEL = "-Onone";
			};
			name = Debug;
		};
		B670B19C2C16B62700025B1B /* Release */ = {
			isa = XCBuildConfiguration;
			buildSettings = {
				ALWAYS_SEARCH_USER_PATHS = NO;
				ASSETCATALOG_COMPILER_GENERATE_SWIFT_ASSET_SYMBOL_EXTENSIONS = YES;
				CLANG_ANALYZER_NONNULL = YES;
				CLANG_ANALYZER_NUMBER_OBJECT_CONVERSION = YES_AGGRESSIVE;
				CLANG_CXX_LANGUAGE_STANDARD = "gnu++20";
				CLANG_ENABLE_MODULES = YES;
				CLANG_ENABLE_OBJC_ARC = YES;
				CLANG_ENABLE_OBJC_WEAK = YES;
				CLANG_WARN_BLOCK_CAPTURE_AUTORELEASING = YES;
				CLANG_WARN_BOOL_CONVERSION = YES;
				CLANG_WARN_COMMA = YES;
				CLANG_WARN_CONSTANT_CONVERSION = YES;
				CLANG_WARN_DEPRECATED_OBJC_IMPLEMENTATIONS = YES;
				CLANG_WARN_DIRECT_OBJC_ISA_USAGE = YES_ERROR;
				CLANG_WARN_DOCUMENTATION_COMMENTS = YES;
				CLANG_WARN_EMPTY_BODY = YES;
				CLANG_WARN_ENUM_CONVERSION = YES;
				CLANG_WARN_INFINITE_RECURSION = YES;
				CLANG_WARN_INT_CONVERSION = YES;
				CLANG_WARN_NON_LITERAL_NULL_CONVERSION = YES;
				CLANG_WARN_OBJC_IMPLICIT_RETAIN_SELF = YES;
				CLANG_WARN_OBJC_LITERAL_CONVERSION = YES;
				CLANG_WARN_OBJC_ROOT_CLASS = YES_ERROR;
				CLANG_WARN_QUOTED_INCLUDE_IN_FRAMEWORK_HEADER = YES;
				CLANG_WARN_RANGE_LOOP_ANALYSIS = YES;
				CLANG_WARN_STRICT_PROTOTYPES = YES;
				CLANG_WARN_SUSPICIOUS_MOVE = YES;
				CLANG_WARN_UNGUARDED_AVAILABILITY = YES_AGGRESSIVE;
				CLANG_WARN_UNREACHABLE_CODE = YES;
				CLANG_WARN__DUPLICATE_METHOD_MATCH = YES;
				COPY_PHASE_STRIP = NO;
				DEBUG_INFORMATION_FORMAT = "dwarf-with-dsym";
				ENABLE_NS_ASSERTIONS = NO;
				ENABLE_STRICT_OBJC_MSGSEND = YES;
				ENABLE_USER_SCRIPT_SANDBOXING = YES;
				GCC_C_LANGUAGE_STANDARD = gnu17;
				GCC_NO_COMMON_BLOCKS = YES;
				GCC_WARN_64_TO_32_BIT_CONVERSION = YES;
				GCC_WARN_ABOUT_RETURN_TYPE = YES_ERROR;
				GCC_WARN_UNDECLARED_SELECTOR = YES;
				GCC_WARN_UNINITIALIZED_AUTOS = YES_AGGRESSIVE;
				GCC_WARN_UNUSED_FUNCTION = YES;
				GCC_WARN_UNUSED_VARIABLE = YES;
				IPHONEOS_DEPLOYMENT_TARGET = 17.5;
				LOCALIZATION_PREFERS_STRING_CATALOGS = YES;
				MTL_ENABLE_DEBUG_INFO = NO;
				MTL_FAST_MATH = YES;
				SDKROOT = iphoneos;
				SWIFT_COMPILATION_MODE = wholemodule;
				VALIDATE_PRODUCT = YES;
			};
			name = Release;
		};
		B670B19E2C16B62700025B1B /* Debug */ = {
			isa = XCBuildConfiguration;
			buildSettings = {
				ASSETCATALOG_COMPILER_APPICON_NAME = AppIcon;
				ASSETCATALOG_COMPILER_GLOBAL_ACCENT_COLOR_NAME = AccentColor;
				CODE_SIGN_STYLE = Automatic;
				CURRENT_PROJECT_VERSION = 1;
				DEVELOPMENT_ASSET_PATHS = "\"SwiftUIListView/Preview Content\"";
				DEVELOPMENT_TEAM = Y3U6MF75XY;
				ENABLE_PREVIEWS = YES;
				GENERATE_INFOPLIST_FILE = YES;
				INFOPLIST_KEY_NSCameraUsageDescription = "Use For Select Product Image";
				INFOPLIST_KEY_UIApplicationSceneManifest_Generation = YES;
				INFOPLIST_KEY_UIApplicationSupportsIndirectInputEvents = YES;
				INFOPLIST_KEY_UILaunchScreen_Generation = YES;
				INFOPLIST_KEY_UISupportedInterfaceOrientations_iPad = "UIInterfaceOrientationPortrait UIInterfaceOrientationPortraitUpsideDown UIInterfaceOrientationLandscapeLeft UIInterfaceOrientationLandscapeRight";
				INFOPLIST_KEY_UISupportedInterfaceOrientations_iPhone = "UIInterfaceOrientationPortrait UIInterfaceOrientationLandscapeLeft UIInterfaceOrientationLandscapeRight";
				LD_RUNPATH_SEARCH_PATHS = (
					"$(inherited)",
					"@executable_path/Frameworks",
				);
				MARKETING_VERSION = 1.0;
				PRODUCT_BUNDLE_IDENTIFIER = com.SwiftUIListView;
				PRODUCT_NAME = "$(TARGET_NAME)";
				SWIFT_EMIT_LOC_STRINGS = YES;
				SWIFT_VERSION = 5.0;
				TARGETED_DEVICE_FAMILY = "1,2";
			};
			name = Debug;
		};
		B670B19F2C16B62700025B1B /* Release */ = {
			isa = XCBuildConfiguration;
			buildSettings = {
				ASSETCATALOG_COMPILER_APPICON_NAME = AppIcon;
				ASSETCATALOG_COMPILER_GLOBAL_ACCENT_COLOR_NAME = AccentColor;
				CODE_SIGN_STYLE = Automatic;
				CURRENT_PROJECT_VERSION = 1;
				DEVELOPMENT_ASSET_PATHS = "\"SwiftUIListView/Preview Content\"";
				DEVELOPMENT_TEAM = Y3U6MF75XY;
				ENABLE_PREVIEWS = YES;
				GENERATE_INFOPLIST_FILE = YES;
				INFOPLIST_KEY_NSCameraUsageDescription = "Use For Select Product Image";
				INFOPLIST_KEY_UIApplicationSceneManifest_Generation = YES;
				INFOPLIST_KEY_UIApplicationSupportsIndirectInputEvents = YES;
				INFOPLIST_KEY_UILaunchScreen_Generation = YES;
				INFOPLIST_KEY_UISupportedInterfaceOrientations_iPad = "UIInterfaceOrientationPortrait UIInterfaceOrientationPortraitUpsideDown UIInterfaceOrientationLandscapeLeft UIInterfaceOrientationLandscapeRight";
				INFOPLIST_KEY_UISupportedInterfaceOrientations_iPhone = "UIInterfaceOrientationPortrait UIInterfaceOrientationLandscapeLeft UIInterfaceOrientationLandscapeRight";
				LD_RUNPATH_SEARCH_PATHS = (
					"$(inherited)",
					"@executable_path/Frameworks",
				);
				MARKETING_VERSION = 1.0;
				PRODUCT_BUNDLE_IDENTIFIER = com.SwiftUIListView;
				PRODUCT_NAME = "$(TARGET_NAME)";
				SWIFT_EMIT_LOC_STRINGS = YES;
				SWIFT_VERSION = 5.0;
				TARGETED_DEVICE_FAMILY = "1,2";
			};
			name = Release;
		};
		B670B1A12C16B62700025B1B /* Debug */ = {
			isa = XCBuildConfiguration;
			buildSettings = {
				ALWAYS_EMBED_SWIFT_STANDARD_LIBRARIES = YES;
				BUNDLE_LOADER = "$(TEST_HOST)";
				CODE_SIGN_STYLE = Automatic;
				CURRENT_PROJECT_VERSION = 1;
				GENERATE_INFOPLIST_FILE = YES;
				IPHONEOS_DEPLOYMENT_TARGET = 17.5;
				MARKETING_VERSION = 1.0;
				PRODUCT_BUNDLE_IDENTIFIER = com.SwiftUIListViewTests;
				PRODUCT_NAME = "$(TARGET_NAME)";
				SWIFT_EMIT_LOC_STRINGS = NO;
				SWIFT_VERSION = 5.0;
				TARGETED_DEVICE_FAMILY = "1,2";
				TEST_HOST = "$(BUILT_PRODUCTS_DIR)/SwiftUIListView.app/$(BUNDLE_EXECUTABLE_FOLDER_PATH)/SwiftUIListView";
			};
			name = Debug;
		};
		B670B1A22C16B62700025B1B /* Release */ = {
			isa = XCBuildConfiguration;
			buildSettings = {
				ALWAYS_EMBED_SWIFT_STANDARD_LIBRARIES = YES;
				BUNDLE_LOADER = "$(TEST_HOST)";
				CODE_SIGN_STYLE = Automatic;
				CURRENT_PROJECT_VERSION = 1;
				GENERATE_INFOPLIST_FILE = YES;
				IPHONEOS_DEPLOYMENT_TARGET = 17.5;
				MARKETING_VERSION = 1.0;
				PRODUCT_BUNDLE_IDENTIFIER = com.SwiftUIListViewTests;
				PRODUCT_NAME = "$(TARGET_NAME)";
				SWIFT_EMIT_LOC_STRINGS = NO;
				SWIFT_VERSION = 5.0;
				TARGETED_DEVICE_FAMILY = "1,2";
				TEST_HOST = "$(BUILT_PRODUCTS_DIR)/SwiftUIListView.app/$(BUNDLE_EXECUTABLE_FOLDER_PATH)/SwiftUIListView";
			};
			name = Release;
		};
		B670B1A42C16B62700025B1B /* Debug */ = {
			isa = XCBuildConfiguration;
			buildSettings = {
				ALWAYS_EMBED_SWIFT_STANDARD_LIBRARIES = YES;
				CODE_SIGN_STYLE = Automatic;
				CURRENT_PROJECT_VERSION = 1;
				GENERATE_INFOPLIST_FILE = YES;
				MARKETING_VERSION = 1.0;
				PRODUCT_BUNDLE_IDENTIFIER = com.SwiftUIListViewUITests;
				PRODUCT_NAME = "$(TARGET_NAME)";
				SWIFT_EMIT_LOC_STRINGS = NO;
				SWIFT_VERSION = 5.0;
				TARGETED_DEVICE_FAMILY = "1,2";
				TEST_TARGET_NAME = SwiftUIListView;
			};
			name = Debug;
		};
		B670B1A52C16B62700025B1B /* Release */ = {
			isa = XCBuildConfiguration;
			buildSettings = {
				ALWAYS_EMBED_SWIFT_STANDARD_LIBRARIES = YES;
				CODE_SIGN_STYLE = Automatic;
				CURRENT_PROJECT_VERSION = 1;
				GENERATE_INFOPLIST_FILE = YES;
				MARKETING_VERSION = 1.0;
				PRODUCT_BUNDLE_IDENTIFIER = com.SwiftUIListViewUITests;
				PRODUCT_NAME = "$(TARGET_NAME)";
				SWIFT_EMIT_LOC_STRINGS = NO;
				SWIFT_VERSION = 5.0;
				TARGETED_DEVICE_FAMILY = "1,2";
				TEST_TARGET_NAME = SwiftUIListView;
			};
			name = Release;
		};
/* End XCBuildConfiguration section */

/* Begin XCConfigurationList section */
		B670B16F2C16B62600025B1B /* Build configuration list for PBXProject "SwiftUIListView" */ = {
			isa = XCConfigurationList;
			buildConfigurations = (
				B670B19B2C16B62700025B1B /* Debug */,
				B670B19C2C16B62700025B1B /* Release */,
			);
			defaultConfigurationIsVisible = 0;
			defaultConfigurationName = Release;
		};
		B670B19D2C16B62700025B1B /* Build configuration list for PBXNativeTarget "SwiftUIListView" */ = {
			isa = XCConfigurationList;
			buildConfigurations = (
				B670B19E2C16B62700025B1B /* Debug */,
				B670B19F2C16B62700025B1B /* Release */,
			);
			defaultConfigurationIsVisible = 0;
			defaultConfigurationName = Release;
		};
		B670B1A02C16B62700025B1B /* Build configuration list for PBXNativeTarget "SwiftUIListViewTests" */ = {
			isa = XCConfigurationList;
			buildConfigurations = (
				B670B1A12C16B62700025B1B /* Debug */,
				B670B1A22C16B62700025B1B /* Release */,
			);
			defaultConfigurationIsVisible = 0;
			defaultConfigurationName = Release;
		};
		B670B1A32C16B62700025B1B /* Build configuration list for PBXNativeTarget "SwiftUIListViewUITests" */ = {
			isa = XCConfigurationList;
			buildConfigurations = (
				B670B1A42C16B62700025B1B /* Debug */,
				B670B1A52C16B62700025B1B /* Release */,
			);
			defaultConfigurationIsVisible = 0;
			defaultConfigurationName = Release;
		};
/* End XCConfigurationList section */

/* Begin XCVersionGroup section */
		B670B1822C16B62700025B1B /* SwiftUIListView.xcdatamodeld */ = {
			isa = XCVersionGroup;
			children = (
				B670B1832C16B62700025B1B /* SwiftUIListView.xcdatamodel */,
			);
			currentVersion = B670B1832C16B62700025B1B /* SwiftUIListView.xcdatamodel */;
			path = SwiftUIListView.xcdatamodeld;
			sourceTree = "<group>";
			versionGroupType = wrapper.xcdatamodel;
		};
/* End XCVersionGroup section */
	};
	rootObject = B670B16C2C16B62600025B1B /* Project object */;
}
